
Microsoft Visual Studio Solution File, Format Version 12.00
# Visual Studio Version 17
VisualStudioVersion = 17.14.36603.0
MinimumVisualStudioVersion = 10.0.40219.1
Project("{8BC9CEB8-8B4A-11D0-8D11-00A0C91BC942}") = "installer", "installer_project\installer_project.vcxproj", "{78A7B88A-5CF4-487F-A42D-5BFE5C7D5440}"
EndProject
Project("{8BC9CEB8-8B4A-11D0-8D11-00A0C91BC942}") = "loader", "loader_project\loader_project.vcxproj", "{CA1FE5AC-5D70-4781-83D8-D8FA085CE177}"
EndProject
Project("{8BC9CEB8-8B4A-11D0-8D11-00A0C91BC942}") = "installer_exe", "installer_exe\installer_exe.vcxproj", "{27B7F9C4-BA6F-45A0-A0AF-DC609340275F}"
EndProject
Global
	GlobalSection(SolutionConfigurationPlatforms) = preSolution
		Debug|x64 = Debug|x64
		Debug|x86 = Debug|x86
		Release|x64 = Release|x64
		Release|x86 = Release|x86
	EndGlobalSection
	GlobalSection(ProjectConfigurationPlatforms) = postSolution
		{78A7B88A-5CF4-487F-A42D-5BFE5C7D5440}.Debug|x64.ActiveCfg = Debug|x64
		{78A7B88A-5CF4-487F-A42D-5BFE5C7D5440}.Debug|x64.Build.0 = Debug|x64
		{78A7B88A-5CF4-487F-A42D-5BFE5C7D5440}.Debug|x86.ActiveCfg = Debug|Win32
		{78A7B88A-5CF4-487F-A42D-5BFE5C7D5440}.Debug|x86.Build.0 = Debug|Win32
		{78A7B88A-5CF4-487F-A42D-5BFE5C7D5440}.Release|x64.ActiveCfg = Release|x64
		{78A7B88A-5CF4-487F-A42D-5BFE5C7D5440}.Release|x64.Build.0 = Release|x64
		{78A7B88A-5CF4-487F-A42D-5BFE5C7D5440}.Release|x86.ActiveCfg = Release|Win32
		{78A7B88A-5CF4-487F-A42D-5BFE5C7D5440}.Release|x86.Build.0 = Release|Win32
		{CA1FE5AC-5D70-4781-83D8-D8FA085CE177}.Debug|x64.ActiveCfg = Debug|x64
		{CA1FE5AC-5D70-4781-83D8-D8FA085CE177}.Debug|x64.Build.0 = Debug|x64
		{CA1FE5AC-5D70-4781-83D8-D8FA085CE177}.Debug|x86.ActiveCfg = Debug|Win32
		{CA1FE5AC-5D70-4781-83D8-D8FA085CE177}.Debug|x86.Build.0 = Debug|Win32
		{CA1FE5AC-5D70-4781-83D8-D8FA085CE177}.Release|x64.ActiveCfg = Release|x64
		{CA1FE5AC-5D70-4781-83D8-D8FA085CE177}.Release|x64.Build.0 = Release|x64
		{CA1FE5AC-5D70-4781-83D8-D8FA085CE177}.Release|x86.ActiveCfg = Release|Win32
		{CA1FE5AC-5D70-4781-83D8-D8FA085CE177}.Release|x86.Build.0 = Release|Win32
		{27B7F9C4-BA6F-45A0-A0AF-DC609340275F}.Debug|x64.ActiveCfg = Debug|x64
		{27B7F9C4-BA6F-45A0-A0AF-DC609340275F}.Debug|x64.Build.0 = Debug|x64
		{27B7F9C4-BA6F-45A0-A0AF-DC609340275F}.Debug|x86.ActiveCfg = Debug|Win32
		{27B7F9C4-BA6F-45A0-A0AF-DC609340275F}.Debug|x86.Build.0 = Debug|Win32
		{27B7F9C4-BA6F-45A0-A0AF-DC609340275F}.Release|x64.ActiveCfg = Release|x64
		{27B7F9C4-BA6F-45A0-A0AF-DC609340275F}.Release|x64.Build.0 = Release|x64
		{27B7F9C4-BA6F-45A0-A0AF-DC609340275F}.Release|x86.ActiveCfg = Release|Win32
		{27B7F9C4-BA6F-45A0-A0AF-DC609340275F}.Release|x86.Build.0 = Release|Win32
	EndGlobalSection
	GlobalSection(SolutionProperties) = preSolution
		HideSolutionNode = FALSE
	EndGlobalSection
	GlobalSection(ExtensibilityGlobals) = postSolution
		SolutionGuid = {0B0910BF-6F30-40C9-B950-E6F4945613DC}
	EndGlobalSection
EndGlobal
